<?xml version="1.0" encoding="utf-8"?>
<Project ToolsVersion="4.0" xmlns="http://schemas.microsoft.com/developer/msbuild/2003">
  <ItemGroup>
    <Filter Include="ソース ファイル">
      <UniqueIdentifier>{4FC737F1-C7A5-4376-A066-2A32D752A2FF}</UniqueIdentifier>
      <Extensions>cpp;c;cc;cxx;c++;cppm;ixx;def;odl;idl;hpj;bat;asm;asmx</Extensions>
    </Filter>
    <Filter Include="ヘッダー ファイル">
      <UniqueIdentifier>{93995380-89BD-4b04-88EB-625FBE52EBFB}</UniqueIdentifier>
      <Extensions>h;hh;hpp;hxx;h++;hm;inl;inc;ipp;xsd</Extensions>
    </Filter>
    <Filter Include="リソース ファイル">
      <UniqueIdentifier>{67DA6AB6-F800-4c08-8B7A-83BB121AAD01}</UniqueIdentifier>
      <Extensions>rc;ico;cur;bmp;dlg;rc2;rct;bin;rgs;gif;jpg;jpeg;jpe;resx;tiff;tif;png;wav;mfcribbon-ms</Extensions>
    </Filter>
    <Filter Include="ソース ファイル\System">
      <UniqueIdentifier>{8b9317d3-e904-4f37-9a2a-1ece6e5bc866}</UniqueIdentifier>
    </Filter>
    <Filter Include="ソース ファイル\Math">
      <UniqueIdentifier>{a4e32641-16e8-4d84-bfff-8c86559ad4c6}</UniqueIdentifier>
    </Filter>
    <Filter Include="imgui">
      <UniqueIdentifier>{654c6480-8f14-4ed3-81ae-cb5aa1b0680d}</UniqueIdentifier>
    </Filter>
    <Filter Include="ソース ファイル\Camera">
      <UniqueIdentifier>{60b74064-192e-476a-98ce-9cb820379bbd}</UniqueIdentifier>
    </Filter>
    <Filter Include="ソース ファイル\Shape">
      <UniqueIdentifier>{cd42701d-aa57-4edd-a8d4-25a99dda32a1}</UniqueIdentifier>
    </Filter>
    <Filter Include="ソース ファイル\Shape\Sphere">
      <UniqueIdentifier>{54d0e243-1776-4646-bb68-17cdd4e2d10e}</UniqueIdentifier>
    </Filter>
    <Filter Include="ソース ファイル\Shape\Triangle">
      <UniqueIdentifier>{53095a36-f67a-4369-9b3b-408d64fa2d32}</UniqueIdentifier>
    </Filter>
    <Filter Include="ソース ファイル\System\Texture">
      <UniqueIdentifier>{79698d80-3e8e-4c58-8f92-ffe488c2bf80}</UniqueIdentifier>
    </Filter>
    <Filter Include="ソース ファイル\2D">
      <UniqueIdentifier>{1c500806-aa6a-42b8-b204-9f0d49de7bd4}</UniqueIdentifier>
    </Filter>
    <Filter Include="ソース ファイル\Shape\Model">
      <UniqueIdentifier>{43f2e03c-559d-455c-8cac-00984fc22dfc}</UniqueIdentifier>
    </Filter>
    <Filter Include="ソース ファイル\System\Input">
      <UniqueIdentifier>{e6c5de85-eb47-41a8-80a8-3ab65ba05f3a}</UniqueIdentifier>
    </Filter>
    <Filter Include="ソース ファイル\System\Utils">
      <UniqueIdentifier>{535912f4-15a4-4662-9d78-f93a63fbb5d1}</UniqueIdentifier>
    </Filter>
    <Filter Include="ソース ファイル\System\Graphics">
      <UniqueIdentifier>{e2f742b3-d0e7-4c93-b286-ee57ef84b0bc}</UniqueIdentifier>
    </Filter>
    <Filter Include="ソース ファイル\System\Audio">
      <UniqueIdentifier>{d7cab5dc-4698-40b1-89b5-36ccf2778de5}</UniqueIdentifier>
    </Filter>
    <Filter Include="Shader">
      <UniqueIdentifier>{133cdda0-20dd-4169-a522-46211629c9b7}</UniqueIdentifier>
    </Filter>
  </ItemGroup>
  <ItemGroup>
    <ClCompile Include="main.cpp">
      <Filter>ソース ファイル</Filter>
    </ClCompile>
    <ClCompile Include="System\DirectXCommon.cpp">
      <Filter>ソース ファイル\System</Filter>
    </ClCompile>
    <ClCompile Include="System\WinApp.cpp">
      <Filter>ソース ファイル\System</Filter>
    </ClCompile>
    <ClCompile Include="System\Engine.cpp">
      <Filter>ソース ファイル\System</Filter>
    </ClCompile>
    <ClCompile Include="Math\MatrixCalculations.cpp">
      <Filter>ソース ファイル\Math</Filter>
    </ClCompile>
    <ClCompile Include="Math\Vector3.cpp">
      <Filter>ソース ファイル\Math</Filter>
    </ClCompile>
    <ClCompile Include="externals\imgui\imgui.cpp">
      <Filter>imgui</Filter>
    </ClCompile>
    <ClCompile Include="externals\imgui\imgui_demo.cpp">
      <Filter>imgui</Filter>
    </ClCompile>
    <ClCompile Include="externals\imgui\imgui_draw.cpp">
      <Filter>imgui</Filter>
    </ClCompile>
    <ClCompile Include="externals\imgui\imgui_impl_dx12.cpp">
      <Filter>imgui</Filter>
    </ClCompile>
    <ClCompile Include="externals\imgui\imgui_impl_win32.cpp">
      <Filter>imgui</Filter>
    </ClCompile>
    <ClCompile Include="externals\imgui\imgui_tables.cpp">
      <Filter>imgui</Filter>
    </ClCompile>
    <ClCompile Include="externals\imgui\imgui_widgets.cpp">
      <Filter>imgui</Filter>
    </ClCompile>
    <ClCompile Include="Shape\Sphere.cpp">
      <Filter>ソース ファイル\Shape\Sphere</Filter>
    </ClCompile>
    <ClCompile Include="System\Camera.cpp">
      <Filter>ソース ファイル\Camera</Filter>
    </ClCompile>
    <ClCompile Include="Shape\Triangle.cpp">
      <Filter>ソース ファイル\Shape\Triangle</Filter>
    </ClCompile>
    <ClCompile Include="Math\VectorCalculations.cpp">
      <Filter>ソース ファイル\Math</Filter>
    </ClCompile>
    <ClCompile Include="System\TextureSystem.cpp">
      <Filter>ソース ファイル\System\Texture</Filter>
    </ClCompile>
    <ClCompile Include="2D\Sprite.cpp">
      <Filter>ソース ファイル\2D</Filter>
    </ClCompile>
    <ClCompile Include="Shape\Model.cpp">
      <Filter>ソース ファイル\Shape\Model</Filter>
    </ClCompile>
    <ClCompile Include="System\Input.cpp">
      <Filter>ソース ファイル\System\Input</Filter>
    </ClCompile>
    <ClCompile Include="System\DebugCamera.cpp">
      <Filter>ソース ファイル\Camera</Filter>
    </ClCompile>
    <ClCompile Include="System\DirectXUtils.cpp">
      <Filter>ソース ファイル\System\Utils</Filter>
    </ClCompile>
    <ClCompile Include="System\D3DResourceLeakChecker.cpp">
      <Filter>ソース ファイル\System\Utils</Filter>
    </ClCompile>
    <ClCompile Include="System\ConvertString.cpp">
      <Filter>ソース ファイル\System\Utils</Filter>
    </ClCompile>
    <ClCompile Include="System\Log.cpp">
      <Filter>ソース ファイル\System\Utils</Filter>
    </ClCompile>
    <ClCompile Include="System\GraphicsPipelineStateManager.cpp">
      <Filter>ソース ファイル\System\Graphics</Filter>
    </ClCompile>
    <ClCompile Include="Audio\Audio.cpp">
      <Filter>ソース ファイル\System\Audio</Filter>
    </ClCompile>
    <ClCompile Include="System\MaterialTransformBundle.cpp">
      <Filter>ソース ファイル\System</Filter>
    </ClCompile>
    <ClCompile Include="Math\Collisions.cpp">
      <Filter>ソース ファイル\Math</Filter>
    </ClCompile>
    <ClCompile Include="Math\Easing.cpp">
      <Filter>ソース ファイル\Math</Filter>
    </ClCompile>
  </ItemGroup>
  <ItemGroup>
    <ClInclude Include="System\DirectXCommon.h">
      <Filter>ソース ファイル\System</Filter>
    </ClInclude>
    <ClInclude Include="System\WinApp.h">
      <Filter>ソース ファイル\System</Filter>
    </ClInclude>
    <ClInclude Include="System\Engine.h">
      <Filter>ソース ファイル\System</Filter>
    </ClInclude>
    <ClInclude Include="Math\MatrixCalculations.h">
      <Filter>ソース ファイル\Math</Filter>
    </ClInclude>
    <ClInclude Include="Math\Vector3.h">
      <Filter>ソース ファイル\Math</Filter>
    </ClInclude>
    <ClInclude Include="Math\Matrix4x4.h">
      <Filter>ソース ファイル\Math</Filter>
    </ClInclude>
    <ClInclude Include="Math\Transform.h">
      <Filter>ソース ファイル\Math</Filter>
    </ClInclude>
    <ClInclude Include="externals\imgui\imconfig.h">
      <Filter>imgui</Filter>
    </ClInclude>
    <ClInclude Include="externals\imgui\imgui.h">
      <Filter>imgui</Filter>
    </ClInclude>
    <ClInclude Include="externals\imgui\imgui_impl_dx12.h">
      <Filter>imgui</Filter>
    </ClInclude>
    <ClInclude Include="externals\imgui\imgui_impl_win32.h">
      <Filter>imgui</Filter>
    </ClInclude>
    <ClInclude Include="externals\imgui\imgui_internal.h">
      <Filter>imgui</Filter>
    </ClInclude>
    <ClInclude Include="externals\imgui\imstb_rectpack.h">
      <Filter>imgui</Filter>
    </ClInclude>
    <ClInclude Include="externals\imgui\imstb_textedit.h">
      <Filter>imgui</Filter>
    </ClInclude>
    <ClInclude Include="externals\imgui\imstb_truetype.h">
      <Filter>imgui</Filter>
    </ClInclude>
    <ClInclude Include="Math\VertexData.h">
      <Filter>ソース ファイル\Math</Filter>
    </ClInclude>
    <ClInclude Include="Math\Vector2.h">
      <Filter>ソース ファイル\Math</Filter>
    </ClInclude>
    <ClInclude Include="Shape\Sphere.h">
      <Filter>ソース ファイル\Shape\Sphere</Filter>
    </ClInclude>
    <ClInclude Include="System\Camera.h">
      <Filter>ソース ファイル\Camera</Filter>
    </ClInclude>
    <ClInclude Include="Shape\Triangle.h">
      <Filter>ソース ファイル\Shape\Triangle</Filter>
    </ClInclude>
    <ClInclude Include="Math\Material.h">
      <Filter>ソース ファイル\Math</Filter>
    </ClInclude>
    <ClInclude Include="Math\TransformationMatrix.h">
      <Filter>ソース ファイル\Math</Filter>
    </ClInclude>
    <ClInclude Include="Math\DirectionalLight.h">
      <Filter>ソース ファイル\Math</Filter>
    </ClInclude>
    <ClInclude Include="Math\VectorCalculations.h">
      <Filter>ソース ファイル\Math</Filter>
    </ClInclude>
    <ClInclude Include="System\TextureSystem.h">
      <Filter>ソース ファイル\System\Texture</Filter>
    </ClInclude>
    <ClInclude Include="Math\Vector4.h">
      <Filter>ソース ファイル\Math</Filter>
    </ClInclude>
    <ClInclude Include="2D\Sprite.h">
      <Filter>ソース ファイル\2D</Filter>
    </ClInclude>
    <ClInclude Include="Shape\Model.h">
      <Filter>ソース ファイル\Shape\Model</Filter>
    </ClInclude>
    <ClInclude Include="System\ModelData.h">
      <Filter>ソース ファイル\System</Filter>
    </ClInclude>
    <ClInclude Include="System\MaterialData.h">
      <Filter>ソース ファイル\System</Filter>
    </ClInclude>
    <ClInclude Include="System\Input.h">
      <Filter>ソース ファイル\System\Input</Filter>
    </ClInclude>
    <ClInclude Include="System\DebugCamera.h">
      <Filter>ソース ファイル\Camera</Filter>
    </ClInclude>
    <ClInclude Include="System\DirectXUtils.h">
      <Filter>ソース ファイル\System\Utils</Filter>
    </ClInclude>
    <ClInclude Include="System\D3DResourceLeakChecker.h">
      <Filter>ソース ファイル\System\Utils</Filter>
    </ClInclude>
    <ClInclude Include="System\ConvertString.h">
      <Filter>ソース ファイル\System\Utils</Filter>
    </ClInclude>
    <ClInclude Include="System\Log.h">
      <Filter>ソース ファイル\System\Utils</Filter>
    </ClInclude>
    <ClInclude Include="System\GraphicsPipelineStateManager.h">
      <Filter>ソース ファイル\System\Graphics</Filter>
    </ClInclude>
    <ClInclude Include="Audio\Audio.h">
      <Filter>ソース ファイル\System\Audio</Filter>
    </ClInclude>
    <ClInclude Include="System\MaterialTransformBundle.h">
      <Filter>ソース ファイル\System</Filter>
    </ClInclude>
    <ClInclude Include="Math\AABB.h">
      <Filter>ソース ファイル\Math</Filter>
    </ClInclude>
    <ClInclude Include="Math\Collisions.h">
      <Filter>ソース ファイル\Math</Filter>
    </ClInclude>
    <ClInclude Include="Math\Easing.h">
      <Filter>ソース ファイル\Math</Filter>
    </ClInclude>
  </ItemGroup>
  <ItemGroup>
    <FxCompile Include="Object3d.PS.hlsl">
      <Filter>Shader</Filter>
    </FxCompile>
    <FxCompile Include="Object3d.VS.hlsl">
      <Filter>Shader</Filter>
    </FxCompile>
    <FxCompile Include="Outline3d.VS.hlsl">
      <Filter>Shader</Filter>
    </FxCompile>
  </ItemGroup>
  <ItemGroup>
    <Text Include="externals\imgui\LICENSE.txt">
      <Filter>imgui</Filter>
    </Text>
  </ItemGroup>
  <ItemGroup>
    <None Include="Object3d.hlsli">
      <Filter>Shader</Filter>
    </None>
  </ItemGroup>
</Project>